{
  "name": "backups",
  "version": "1.0.0",
  "lockfileVersion": 1,
  "requires": true,
  "dependencies": {
    "@webpack-cli/serve": {
      "version": "1.1.0",
      "resolved": "https://registry.npmjs.org/@webpack-cli/serve/-/serve-1.1.0.tgz",
      "integrity": "sha512-7RfnMXCpJ/NThrhq4gYQYILB18xWyoQcBey81oIyVbmgbc6m5ZHHyFK+DyH7pLHJf0p14MxL4mTsoPAgBSTpIg==",
      "dev": true
    }
  }
}
